
Microsoft Visual Studio Solution File, Format Version 12.00
# Visual Studio Version 17
VisualStudioVersion = 17.14.36202.13 d17.14
MinimumVisualStudioVersion = 10.0.40219.1
Project("{FAE04EC0-301F-11D3-BF4B-00C04F79EFBC}") = "StudentApi", "StudentApi\StudentApi.csproj", "{32AE3224-3CB5-4F37-91F0-5DA4417EE74C}"
EndProject
Global
	GlobalSection(SolutionConfigurationPlatforms) = preSolution
		Debug|Any CPU = Debug|Any CPU
		Release|Any CPU = Release|Any CPU
	EndGlobalSection
	GlobalSection(ProjectConfigurationPlatforms) = postSolution
		{32AE3224-3CB5-4F37-91F0-5DA4417EE74C}.Debug|Any CPU.ActiveCfg = Debug|Any CPU
		{32AE3224-3CB5-4F37-91F0-5DA4417EE74C}.Debug|Any CPU.Build.0 = Debug|Any CPU
		{32AE3224-3CB5-4F37-91F0-5DA4417EE74C}.Release|Any CPU.ActiveCfg = Release|Any CPU
		{32AE3224-3CB5-4F37-91F0-5DA4417EE74C}.Release|Any CPU.Build.0 = Release|Any CPU
	EndGlobalSection
	GlobalSection(SolutionProperties) = preSolution
		HideSolutionNode = FALSE
	EndGlobalSection
	GlobalSection(ExtensibilityGlobals) = postSolution
		SolutionGuid = {BC2E510F-033D-49C2-89CD-27786F36945D}
	EndGlobalSection
EndGlobal
